
Microsoft Visual Studio Solution File, Format Version 12.00
# Visual Studio Version 17
VisualStudioVersion = 17.1.32328.378
MinimumVisualStudioVersion = 10.0.40219.1
Project("{9A19103F-16F7-4668-BE54-9A1E7A4F7556}") = "Gerene.DFe.EscPos", "Gerene.DFe.EscPos\Gerene.DFe.EscPos.csproj", "{EAED4963-3A41-46D5-A073-62259DDBF5E4}"
EndProject
Project("{9A19103F-16F7-4668-BE54-9A1E7A4F7556}") = "Gerene.DFe.EscPos.Demo.Net6", "Gerene.DFe.EscPos.Demo.NetCore\Gerene.DFe.EscPos.Demo.Net6.csproj", "{6C0AC498-6D10-4DFA-A88A-F66B690D68C0}"
EndProject
Global
	GlobalSection(SolutionConfigurationPlatforms) = preSolution
		Debug|Any CPU = Debug|Any CPU
		Release|Any CPU = Release|Any CPU
	EndGlobalSection
	GlobalSection(ProjectConfigurationPlatforms) = postSolution
		{EAED4963-3A41-46D5-A073-62259DDBF5E4}.Debug|Any CPU.ActiveCfg = Debug|Any CPU
		{EAED4963-3A41-46D5-A073-62259DDBF5E4}.Debug|Any CPU.Build.0 = Debug|Any CPU
		{EAED4963-3A41-46D5-A073-62259DDBF5E4}.Release|Any CPU.ActiveCfg = Release|Any CPU
		{EAED4963-3A41-46D5-A073-62259DDBF5E4}.Release|Any CPU.Build.0 = Release|Any CPU
		{6C0AC498-6D10-4DFA-A88A-F66B690D68C0}.Debug|Any CPU.ActiveCfg = Debug|Any CPU
		{6C0AC498-6D10-4DFA-A88A-F66B690D68C0}.Debug|Any CPU.Build.0 = Debug|Any CPU
		{6C0AC498-6D10-4DFA-A88A-F66B690D68C0}.Release|Any CPU.ActiveCfg = Release|Any CPU
		{6C0AC498-6D10-4DFA-A88A-F66B690D68C0}.Release|Any CPU.Build.0 = Release|Any CPU
	EndGlobalSection
	GlobalSection(SolutionProperties) = preSolution
		HideSolutionNode = FALSE
	EndGlobalSection
	GlobalSection(ExtensibilityGlobals) = postSolution
		SolutionGuid = {DEA4772C-4771-4251-9058-FECB8582DC99}
	EndGlobalSection
EndGlobal
